
Microsoft Visual Studio Solution File, Format Version 12.00
# Visual Studio Version 17
VisualStudioVersion = 17.9.34622.214
MinimumVisualStudioVersion = 10.0.40219.1
Project("{FAE04EC0-301F-11D3-BF4B-00C04F79EFBC}") = "Shop.Api", "Shop.Api\Shop.Api.csproj", "{8B59768A-854C-4A4C-87FA-BC05957E8CF2}"
EndProject
Global
	GlobalSection(SolutionConfigurationPlatforms) = preSolution
		Debug|Any CPU = Debug|Any CPU
		Release|Any CPU = Release|Any CPU
	EndGlobalSection
	GlobalSection(ProjectConfigurationPlatforms) = postSolution
		{8B59768A-854C-4A4C-87FA-BC05957E8CF2}.Debug|Any CPU.ActiveCfg = Debug|Any CPU
		{8B59768A-854C-4A4C-87FA-BC05957E8CF2}.Debug|Any CPU.Build.0 = Debug|Any CPU
		{8B59768A-854C-4A4C-87FA-BC05957E8CF2}.Release|Any CPU.ActiveCfg = Release|Any CPU
		{8B59768A-854C-4A4C-87FA-BC05957E8CF2}.Release|Any CPU.Build.0 = Release|Any CPU
	EndGlobalSection
	GlobalSection(SolutionProperties) = preSolution
		HideSolutionNode = FALSE
	EndGlobalSection
	GlobalSection(ExtensibilityGlobals) = postSolution
		SolutionGuid = {CE34076A-020C-4422-A8C5-05C0A3CDA139}
	EndGlobalSection
EndGlobal
